# This file was autogenerated by Stack.
# You should not edit this file by hand.
# For more information, please see the documentation at:
#   https://docs.haskellstack.org/en/stable/lock_files

packages:
- completed:
    hackage: SDL-0.6.6.0@sha256:c36f5aec63bc61b33da7300ba07daffc768044f7b4a3be776c9bb1b579f850b6,1952
    pantry-tree:
      size: 1942
      sha256: fe13507e4218b928c924e0e22935e094a514a9cbef945bd7a8bd3086d96d74bb
  original:
    hackage: SDL-0.6.6.0
- completed:
    hackage: Chart-1.9.1@sha256:cc50e1e65738ab2d6c30ae9e3f138962f87667d81f7860a0deeca9053f6d21ed,2857
    pantry-tree:
      size: 3031
      sha256: 6e8a7f52ff2c2c1bb26e75dad141c3096a1ade6dde027535d3ba0e09d76bbece
  original:
    hackage: Chart-1.9.1
- completed:
    hackage: Chart-diagrams-1.9.2@sha256:2284b9767babf2859e777c599e9298f5b915e17a4250d05c9b22851504ff6991,1735
    pantry-tree:
      size: 934
      sha256: 9e2fcc44afc544a42ce2e277e436c22a6910497420f05e1829f5849fa2b8ef15
  original:
    hackage: Chart-diagrams-1.9.2
- completed:
    hackage: bench-show-0.2.2@sha256:ecc994d4f3ba79468bd56b281671996f94a8103e381d5e9ad371ca1a75405a37,5467
    pantry-tree:
      size: 1703
      sha256: da882be478e2302130cddd04f5f7df746093e6ba75c5b10931b634e073447e4b
  original:
    hackage: bench-show-0.2.2
- completed:
    hackage: inspection-testing-0.4.2.1@sha256:a0a20e0c82c58d4fe51e0d54144e08e9580e5ba1251b883facf05bc2b3d19cca,6958
    pantry-tree:
      size: 1137
      sha256: 4b704a887ad75bcfc00843d8430ef4fd0d6269c8f31182eedfa0ad23970bea71
  original:
    hackage: inspection-testing-0.4.2.1
snapshots:
- completed:
    size: 499461
    url: https://raw.githubusercontent.com/commercialhaskell/stackage-snapshots/master/lts/13/25.yaml
    sha256: aed98969628e20615e96b06083c933c7e3354ae56b08b75e607a26569225d6c0
  original: lts-13.25
